
Microsoft Visual Studio Solution File, Format Version 12.00
# Visual Studio 14
VisualStudioVersion = 14.0.25123.0
MinimumVisualStudioVersion = 10.0.40219.1
Project("{2150E333-8FDC-42A3-9474-1A3956D46DE8}") = "Domain", "Domain", "{A442C6B8-2047-4F61-ABFC-080A95FCD775}"
EndProject
Project("{FAE04EC0-301F-11D3-BF4B-00C04F79EFBC}") = "Domain", "Domain\Domain.csproj", "{02DF95F9-97CF-4C71-93AF-A7236412194D}"
EndProject
Project("{FAE04EC0-301F-11D3-BF4B-00C04F79EFBC}") = "DomainContract", "DomainContracy\DomainContract.csproj", "{7C7F1AB1-2174-4E6F-B003-812ED47857B0}"
EndProject
Project("{2150E333-8FDC-42A3-9474-1A3956D46DE8}") = "Data", "Data", "{825F7106-CEEC-4393-B2DD-3A012A1F11AB}"
EndProject
Project("{FAE04EC0-301F-11D3-BF4B-00C04F79EFBC}") = "Data", "Data\Data.csproj", "{4B67DEA6-ACE0-4F46-A280-2BF520A1FE09}"
EndProject
Project("{2150E333-8FDC-42A3-9474-1A3956D46DE8}") = "Application", "Application", "{08A5C001-1713-4490-B318-7772D2CFDC40}"
EndProject
Project("{FAE04EC0-301F-11D3-BF4B-00C04F79EFBC}") = "Application", "Application\Application.csproj", "{7E021E68-6C8E-466E-8375-C178E83C76BC}"
EndProject
Project("{FAE04EC0-301F-11D3-BF4B-00C04F79EFBC}") = "ApplicationContract", "ApplicationContract\ApplicationContract.csproj", "{05164D42-B8E6-4C62-B2D9-93FB05219137}"
EndProject
Project("{2150E333-8FDC-42A3-9474-1A3956D46DE8}") = "Presentation", "Presentation", "{AA114534-40F1-496A-9AC6-558EE4427476}"
EndProject
Project("{FAE04EC0-301F-11D3-BF4B-00C04F79EFBC}") = "PresentationP", "PresentationP\PresentationP.csproj", "{14B3E70C-0210-46C2-A9C3-A24C851FFAC8}"
EndProject
Project("{2150E333-8FDC-42A3-9474-1A3956D46DE8}") = "Modules", "Modules", "{7BD3A4A2-D1C2-474E-BE91-2262BD774DC5}"
EndProject
Project("{FAE04EC0-301F-11D3-BF4B-00C04F79EFBC}") = "Modules", "Modules\Modules.csproj", "{87A87292-18F7-47A7-AACD-F58643119522}"
EndProject
Global
	GlobalSection(SolutionConfigurationPlatforms) = preSolution
		Debug|Any CPU = Debug|Any CPU
		Release|Any CPU = Release|Any CPU
	EndGlobalSection
	GlobalSection(ProjectConfigurationPlatforms) = postSolution
		{02DF95F9-97CF-4C71-93AF-A7236412194D}.Debug|Any CPU.ActiveCfg = Debug|Any CPU
		{02DF95F9-97CF-4C71-93AF-A7236412194D}.Debug|Any CPU.Build.0 = Debug|Any CPU
		{02DF95F9-97CF-4C71-93AF-A7236412194D}.Release|Any CPU.ActiveCfg = Release|Any CPU
		{02DF95F9-97CF-4C71-93AF-A7236412194D}.Release|Any CPU.Build.0 = Release|Any CPU
		{7C7F1AB1-2174-4E6F-B003-812ED47857B0}.Debug|Any CPU.ActiveCfg = Debug|Any CPU
		{7C7F1AB1-2174-4E6F-B003-812ED47857B0}.Debug|Any CPU.Build.0 = Debug|Any CPU
		{7C7F1AB1-2174-4E6F-B003-812ED47857B0}.Release|Any CPU.ActiveCfg = Release|Any CPU
		{7C7F1AB1-2174-4E6F-B003-812ED47857B0}.Release|Any CPU.Build.0 = Release|Any CPU
		{4B67DEA6-ACE0-4F46-A280-2BF520A1FE09}.Debug|Any CPU.ActiveCfg = Debug|Any CPU
		{4B67DEA6-ACE0-4F46-A280-2BF520A1FE09}.Debug|Any CPU.Build.0 = Debug|Any CPU
		{4B67DEA6-ACE0-4F46-A280-2BF520A1FE09}.Release|Any CPU.ActiveCfg = Release|Any CPU
		{4B67DEA6-ACE0-4F46-A280-2BF520A1FE09}.Release|Any CPU.Build.0 = Release|Any CPU
		{7E021E68-6C8E-466E-8375-C178E83C76BC}.Debug|Any CPU.ActiveCfg = Debug|Any CPU
		{7E021E68-6C8E-466E-8375-C178E83C76BC}.Debug|Any CPU.Build.0 = Debug|Any CPU
		{7E021E68-6C8E-466E-8375-C178E83C76BC}.Release|Any CPU.ActiveCfg = Release|Any CPU
		{7E021E68-6C8E-466E-8375-C178E83C76BC}.Release|Any CPU.Build.0 = Release|Any CPU
		{05164D42-B8E6-4C62-B2D9-93FB05219137}.Debug|Any CPU.ActiveCfg = Debug|Any CPU
		{05164D42-B8E6-4C62-B2D9-93FB05219137}.Debug|Any CPU.Build.0 = Debug|Any CPU
		{05164D42-B8E6-4C62-B2D9-93FB05219137}.Release|Any CPU.ActiveCfg = Release|Any CPU
		{05164D42-B8E6-4C62-B2D9-93FB05219137}.Release|Any CPU.Build.0 = Release|Any CPU
		{14B3E70C-0210-46C2-A9C3-A24C851FFAC8}.Debug|Any CPU.ActiveCfg = Debug|Any CPU
		{14B3E70C-0210-46C2-A9C3-A24C851FFAC8}.Debug|Any CPU.Build.0 = Debug|Any CPU
		{14B3E70C-0210-46C2-A9C3-A24C851FFAC8}.Release|Any CPU.ActiveCfg = Release|Any CPU
		{14B3E70C-0210-46C2-A9C3-A24C851FFAC8}.Release|Any CPU.Build.0 = Release|Any CPU
		{87A87292-18F7-47A7-AACD-F58643119522}.Debug|Any CPU.ActiveCfg = Debug|Any CPU
		{87A87292-18F7-47A7-AACD-F58643119522}.Debug|Any CPU.Build.0 = Debug|Any CPU
		{87A87292-18F7-47A7-AACD-F58643119522}.Release|Any CPU.ActiveCfg = Release|Any CPU
		{87A87292-18F7-47A7-AACD-F58643119522}.Release|Any CPU.Build.0 = Release|Any CPU
	EndGlobalSection
	GlobalSection(SolutionProperties) = preSolution
		HideSolutionNode = FALSE
	EndGlobalSection
	GlobalSection(NestedProjects) = preSolution
		{02DF95F9-97CF-4C71-93AF-A7236412194D} = {A442C6B8-2047-4F61-ABFC-080A95FCD775}
		{7C7F1AB1-2174-4E6F-B003-812ED47857B0} = {A442C6B8-2047-4F61-ABFC-080A95FCD775}
		{4B67DEA6-ACE0-4F46-A280-2BF520A1FE09} = {825F7106-CEEC-4393-B2DD-3A012A1F11AB}
		{7E021E68-6C8E-466E-8375-C178E83C76BC} = {08A5C001-1713-4490-B318-7772D2CFDC40}
		{05164D42-B8E6-4C62-B2D9-93FB05219137} = {08A5C001-1713-4490-B318-7772D2CFDC40}
		{14B3E70C-0210-46C2-A9C3-A24C851FFAC8} = {AA114534-40F1-496A-9AC6-558EE4427476}
		{87A87292-18F7-47A7-AACD-F58643119522} = {7BD3A4A2-D1C2-474E-BE91-2262BD774DC5}
	EndGlobalSection
EndGlobal
